
Microsoft Visual Studio Solution File, Format Version 12.00
# Visual Studio 15
VisualStudioVersion = 15.0.27130.2020
MinimumVisualStudioVersion = 10.0.40219.1
Project("{FAE04EC0-301F-11D3-BF4B-00C04F79EFBC}") = "MangaRipper", "MangaRipper\MangaRipper.csproj", "{E4C5D602-ED1E-4C04-B845-74EC5A58530D}"
EndProject
Project("{FAE04EC0-301F-11D3-BF4B-00C04F79EFBC}") = "MangaRipper.Core", "MangaRipper.Core\MangaRipper.Core.csproj", "{13EFFE36-DBB8-4573-9260-B601177F66E3}"
EndProject
Project("{FAE04EC0-301F-11D3-BF4B-00C04F79EFBC}") = "MangaRipper.Test", "MangaRipper.Test\MangaRipper.Test.csproj", "{CF6D034E-8BFD-4799-AEFD-2589F58D1C1A}"
EndProject
Project("{FAE04EC0-301F-11D3-BF4B-00C04F79EFBC}") = "MangaRipper.Plugin.MangaFox", "MangaRipper.Plugin.MangaFox\MangaRipper.Plugin.MangaFox.csproj", "{F5D529B4-CBB6-46E2-9D32-25CEF8365318}"
EndProject
Project("{FAE04EC0-301F-11D3-BF4B-00C04F79EFBC}") = "MangaRipper.Plugin.MangaHere", "MangaRipper.Plugin.MangaHere\MangaRipper.Plugin.MangaHere.csproj", "{B7F65DA6-A435-46F8-8867-778A48FAB8CF}"
EndProject
Project("{FAE04EC0-301F-11D3-BF4B-00C04F79EFBC}") = "MangaRipper.Plugin.MangaReader", "MangaRipper.Plugin.MangaReader\MangaRipper.Plugin.MangaReader.csproj", "{FE632CBC-EBBB-4509-B760-8CA031F87160}"
EndProject
Project("{FAE04EC0-301F-11D3-BF4B-00C04F79EFBC}") = "MangaRipper.Plugin.KissManga", "MangaRipper.Plugin.KissManga\MangaRipper.Plugin.KissManga.csproj", "{CE21343F-3C7F-4161-94A5-3A7CCDD9CF01}"
EndProject
Project("{2150E333-8FDC-42A3-9474-1A3956D46DE8}") = "Plugins", "Plugins", "{AA38E249-11BB-4145-A06C-F51D281497F5}"
EndProject
Project("{FAE04EC0-301F-11D3-BF4B-00C04F79EFBC}") = "MangaRipper.Plugin.MangaStream", "MangaRipper.Plugin.MangaStream\MangaRipper.Plugin.MangaStream.csproj", "{746524A7-E0EE-4240-A9A2-DD7BCCBCCF5B}"
EndProject
Project("{FAE04EC0-301F-11D3-BF4B-00C04F79EFBC}") = "MangaRipper.Infrastructure", "MangaRipper.Infrastructure\MangaRipper.Infrastructure.csproj", "{CDE86313-3367-4107-8254-4F3420238177}"
EndProject
Global
	GlobalSection(SolutionConfigurationPlatforms) = preSolution
		Debug|Any CPU = Debug|Any CPU
		Debug|Mixed Platforms = Debug|Mixed Platforms
		Debug|x86 = Debug|x86
		Release|Any CPU = Release|Any CPU
		Release|Mixed Platforms = Release|Mixed Platforms
		Release|x86 = Release|x86
	EndGlobalSection
	GlobalSection(ProjectConfigurationPlatforms) = postSolution
		{E4C5D602-ED1E-4C04-B845-74EC5A58530D}.Debug|Any CPU.ActiveCfg = Debug|x86
		{E4C5D602-ED1E-4C04-B845-74EC5A58530D}.Debug|Mixed Platforms.ActiveCfg = Debug|x86
		{E4C5D602-ED1E-4C04-B845-74EC5A58530D}.Debug|Mixed Platforms.Build.0 = Debug|x86
		{E4C5D602-ED1E-4C04-B845-74EC5A58530D}.Debug|x86.ActiveCfg = Debug|x86
		{E4C5D602-ED1E-4C04-B845-74EC5A58530D}.Debug|x86.Build.0 = Debug|x86
		{E4C5D602-ED1E-4C04-B845-74EC5A58530D}.Release|Any CPU.ActiveCfg = Release|x86
		{E4C5D602-ED1E-4C04-B845-74EC5A58530D}.Release|Mixed Platforms.ActiveCfg = Release|x86
		{E4C5D602-ED1E-4C04-B845-74EC5A58530D}.Release|Mixed Platforms.Build.0 = Release|x86
		{E4C5D602-ED1E-4C04-B845-74EC5A58530D}.Release|x86.ActiveCfg = Release|x86
		{E4C5D602-ED1E-4C04-B845-74EC5A58530D}.Release|x86.Build.0 = Release|x86
		{13EFFE36-DBB8-4573-9260-B601177F66E3}.Debug|Any CPU.ActiveCfg = Debug|Any CPU
		{13EFFE36-DBB8-4573-9260-B601177F66E3}.Debug|Any CPU.Build.0 = Debug|Any CPU
		{13EFFE36-DBB8-4573-9260-B601177F66E3}.Debug|Mixed Platforms.ActiveCfg = Debug|Any CPU
		{13EFFE36-DBB8-4573-9260-B601177F66E3}.Debug|Mixed Platforms.Build.0 = Debug|Any CPU
		{13EFFE36-DBB8-4573-9260-B601177F66E3}.Debug|x86.ActiveCfg = Debug|Any CPU
		{13EFFE36-DBB8-4573-9260-B601177F66E3}.Release|Any CPU.ActiveCfg = Release|Any CPU
		{13EFFE36-DBB8-4573-9260-B601177F66E3}.Release|Any CPU.Build.0 = Release|Any CPU
		{13EFFE36-DBB8-4573-9260-B601177F66E3}.Release|Mixed Platforms.ActiveCfg = Release|Any CPU
		{13EFFE36-DBB8-4573-9260-B601177F66E3}.Release|Mixed Platforms.Build.0 = Release|Any CPU
		{13EFFE36-DBB8-4573-9260-B601177F66E3}.Release|x86.ActiveCfg = Release|Any CPU
		{CF6D034E-8BFD-4799-AEFD-2589F58D1C1A}.Debug|Any CPU.ActiveCfg = Debug|Any CPU
		{CF6D034E-8BFD-4799-AEFD-2589F58D1C1A}.Debug|Any CPU.Build.0 = Debug|Any CPU
		{CF6D034E-8BFD-4799-AEFD-2589F58D1C1A}.Debug|Mixed Platforms.ActiveCfg = Debug|Any CPU
		{CF6D034E-8BFD-4799-AEFD-2589F58D1C1A}.Debug|Mixed Platforms.Build.0 = Debug|Any CPU
		{CF6D034E-8BFD-4799-AEFD-2589F58D1C1A}.Debug|x86.ActiveCfg = Debug|Any CPU
		{CF6D034E-8BFD-4799-AEFD-2589F58D1C1A}.Debug|x86.Build.0 = Debug|Any CPU
		{CF6D034E-8BFD-4799-AEFD-2589F58D1C1A}.Release|Any CPU.ActiveCfg = Release|Any CPU
		{CF6D034E-8BFD-4799-AEFD-2589F58D1C1A}.Release|Any CPU.Build.0 = Release|Any CPU
		{CF6D034E-8BFD-4799-AEFD-2589F58D1C1A}.Release|Mixed Platforms.ActiveCfg = Release|Any CPU
		{CF6D034E-8BFD-4799-AEFD-2589F58D1C1A}.Release|Mixed Platforms.Build.0 = Release|Any CPU
		{CF6D034E-8BFD-4799-AEFD-2589F58D1C1A}.Release|x86.ActiveCfg = Release|Any CPU
		{CF6D034E-8BFD-4799-AEFD-2589F58D1C1A}.Release|x86.Build.0 = Release|Any CPU
		{F5D529B4-CBB6-46E2-9D32-25CEF8365318}.Debug|Any CPU.ActiveCfg = Debug|Any CPU
		{F5D529B4-CBB6-46E2-9D32-25CEF8365318}.Debug|Any CPU.Build.0 = Debug|Any CPU
		{F5D529B4-CBB6-46E2-9D32-25CEF8365318}.Debug|Mixed Platforms.ActiveCfg = Debug|Any CPU
		{F5D529B4-CBB6-46E2-9D32-25CEF8365318}.Debug|Mixed Platforms.Build.0 = Debug|Any CPU
		{F5D529B4-CBB6-46E2-9D32-25CEF8365318}.Debug|x86.ActiveCfg = Debug|Any CPU
		{F5D529B4-CBB6-46E2-9D32-25CEF8365318}.Debug|x86.Build.0 = Debug|Any CPU
		{F5D529B4-CBB6-46E2-9D32-25CEF8365318}.Release|Any CPU.ActiveCfg = Release|Any CPU
		{F5D529B4-CBB6-46E2-9D32-25CEF8365318}.Release|Any CPU.Build.0 = Release|Any CPU
		{F5D529B4-CBB6-46E2-9D32-25CEF8365318}.Release|Mixed Platforms.ActiveCfg = Release|Any CPU
		{F5D529B4-CBB6-46E2-9D32-25CEF8365318}.Release|Mixed Platforms.Build.0 = Release|Any CPU
		{F5D529B4-CBB6-46E2-9D32-25CEF8365318}.Release|x86.ActiveCfg = Release|Any CPU
		{F5D529B4-CBB6-46E2-9D32-25CEF8365318}.Release|x86.Build.0 = Release|Any CPU
		{B7F65DA6-A435-46F8-8867-778A48FAB8CF}.Debug|Any CPU.ActiveCfg = Debug|Any CPU
		{B7F65DA6-A435-46F8-8867-778A48FAB8CF}.Debug|Any CPU.Build.0 = Debug|Any CPU
		{B7F65DA6-A435-46F8-8867-778A48FAB8CF}.Debug|Mixed Platforms.ActiveCfg = Debug|Any CPU
		{B7F65DA6-A435-46F8-8867-778A48FAB8CF}.Debug|Mixed Platforms.Build.0 = Debug|Any CPU
		{B7F65DA6-A435-46F8-8867-778A48FAB8CF}.Debug|x86.ActiveCfg = Debug|Any CPU
		{B7F65DA6-A435-46F8-8867-778A48FAB8CF}.Debug|x86.Build.0 = Debug|Any CPU
		{B7F65DA6-A435-46F8-8867-778A48FAB8CF}.Release|Any CPU.ActiveCfg = Release|Any CPU
		{B7F65DA6-A435-46F8-8867-778A48FAB8CF}.Release|Any CPU.Build.0 = Release|Any CPU
		{B7F65DA6-A435-46F8-8867-778A48FAB8CF}.Release|Mixed Platforms.ActiveCfg = Release|Any CPU
		{B7F65DA6-A435-46F8-8867-778A48FAB8CF}.Release|Mixed Platforms.Build.0 = Release|Any CPU
		{B7F65DA6-A435-46F8-8867-778A48FAB8CF}.Release|x86.ActiveCfg = Release|Any CPU
		{B7F65DA6-A435-46F8-8867-778A48FAB8CF}.Release|x86.Build.0 = Release|Any CPU
		{FE632CBC-EBBB-4509-B760-8CA031F87160}.Debug|Any CPU.ActiveCfg = Debug|Any CPU
		{FE632CBC-EBBB-4509-B760-8CA031F87160}.Debug|Any CPU.Build.0 = Debug|Any CPU
		{FE632CBC-EBBB-4509-B760-8CA031F87160}.Debug|Mixed Platforms.ActiveCfg = Debug|Any CPU
		{FE632CBC-EBBB-4509-B760-8CA031F87160}.Debug|Mixed Platforms.Build.0 = Debug|Any CPU
		{FE632CBC-EBBB-4509-B760-8CA031F87160}.Debug|x86.ActiveCfg = Debug|Any CPU
		{FE632CBC-EBBB-4509-B760-8CA031F87160}.Debug|x86.Build.0 = Debug|Any CPU
		{FE632CBC-EBBB-4509-B760-8CA031F87160}.Release|Any CPU.ActiveCfg = Release|Any CPU
		{FE632CBC-EBBB-4509-B760-8CA031F87160}.Release|Any CPU.Build.0 = Release|Any CPU
		{FE632CBC-EBBB-4509-B760-8CA031F87160}.Release|Mixed Platforms.ActiveCfg = Release|Any CPU
		{FE632CBC-EBBB-4509-B760-8CA031F87160}.Release|Mixed Platforms.Build.0 = Release|Any CPU
		{FE632CBC-EBBB-4509-B760-8CA031F87160}.Release|x86.ActiveCfg = Release|Any CPU
		{FE632CBC-EBBB-4509-B760-8CA031F87160}.Release|x86.Build.0 = Release|Any CPU
		{CE21343F-3C7F-4161-94A5-3A7CCDD9CF01}.Debug|Any CPU.ActiveCfg = Debug|Any CPU
		{CE21343F-3C7F-4161-94A5-3A7CCDD9CF01}.Debug|Any CPU.Build.0 = Debug|Any CPU
		{CE21343F-3C7F-4161-94A5-3A7CCDD9CF01}.Debug|Mixed Platforms.ActiveCfg = Debug|Any CPU
		{CE21343F-3C7F-4161-94A5-3A7CCDD9CF01}.Debug|Mixed Platforms.Build.0 = Debug|Any CPU
		{CE21343F-3C7F-4161-94A5-3A7CCDD9CF01}.Debug|x86.ActiveCfg = Debug|Any CPU
		{CE21343F-3C7F-4161-94A5-3A7CCDD9CF01}.Debug|x86.Build.0 = Debug|Any CPU
		{CE21343F-3C7F-4161-94A5-3A7CCDD9CF01}.Release|Any CPU.ActiveCfg = Release|Any CPU
		{CE21343F-3C7F-4161-94A5-3A7CCDD9CF01}.Release|Any CPU.Build.0 = Release|Any CPU
		{CE21343F-3C7F-4161-94A5-3A7CCDD9CF01}.Release|Mixed Platforms.ActiveCfg = Release|Any CPU
		{CE21343F-3C7F-4161-94A5-3A7CCDD9CF01}.Release|Mixed Platforms.Build.0 = Release|Any CPU
		{CE21343F-3C7F-4161-94A5-3A7CCDD9CF01}.Release|x86.ActiveCfg = Release|Any CPU
		{CE21343F-3C7F-4161-94A5-3A7CCDD9CF01}.Release|x86.Build.0 = Release|Any CPU
		{746524A7-E0EE-4240-A9A2-DD7BCCBCCF5B}.Debug|Any CPU.ActiveCfg = Debug|Any CPU
		{746524A7-E0EE-4240-A9A2-DD7BCCBCCF5B}.Debug|Any CPU.Build.0 = Debug|Any CPU
		{746524A7-E0EE-4240-A9A2-DD7BCCBCCF5B}.Debug|Mixed Platforms.ActiveCfg = Debug|Any CPU
		{746524A7-E0EE-4240-A9A2-DD7BCCBCCF5B}.Debug|Mixed Platforms.Build.0 = Debug|Any CPU
		{746524A7-E0EE-4240-A9A2-DD7BCCBCCF5B}.Debug|x86.ActiveCfg = Debug|Any CPU
		{746524A7-E0EE-4240-A9A2-DD7BCCBCCF5B}.Debug|x86.Build.0 = Debug|Any CPU
		{746524A7-E0EE-4240-A9A2-DD7BCCBCCF5B}.Release|Any CPU.ActiveCfg = Release|Any CPU
		{746524A7-E0EE-4240-A9A2-DD7BCCBCCF5B}.Release|Any CPU.Build.0 = Release|Any CPU
		{746524A7-E0EE-4240-A9A2-DD7BCCBCCF5B}.Release|Mixed Platforms.ActiveCfg = Release|Any CPU
		{746524A7-E0EE-4240-A9A2-DD7BCCBCCF5B}.Release|Mixed Platforms.Build.0 = Release|Any CPU
		{746524A7-E0EE-4240-A9A2-DD7BCCBCCF5B}.Release|x86.ActiveCfg = Release|Any CPU
		{746524A7-E0EE-4240-A9A2-DD7BCCBCCF5B}.Release|x86.Build.0 = Release|Any CPU
		{CDE86313-3367-4107-8254-4F3420238177}.Debug|Any CPU.ActiveCfg = Debug|Any CPU
		{CDE86313-3367-4107-8254-4F3420238177}.Debug|Any CPU.Build.0 = Debug|Any CPU
		{CDE86313-3367-4107-8254-4F3420238177}.Debug|Mixed Platforms.ActiveCfg = Debug|Any CPU
		{CDE86313-3367-4107-8254-4F3420238177}.Debug|Mixed Platforms.Build.0 = Debug|Any CPU
		{CDE86313-3367-4107-8254-4F3420238177}.Debug|x86.ActiveCfg = Debug|Any CPU
		{CDE86313-3367-4107-8254-4F3420238177}.Debug|x86.Build.0 = Debug|Any CPU
		{CDE86313-3367-4107-8254-4F3420238177}.Release|Any CPU.ActiveCfg = Release|Any CPU
		{CDE86313-3367-4107-8254-4F3420238177}.Release|Any CPU.Build.0 = Release|Any CPU
		{CDE86313-3367-4107-8254-4F3420238177}.Release|Mixed Platforms.ActiveCfg = Release|Any CPU
		{CDE86313-3367-4107-8254-4F3420238177}.Release|Mixed Platforms.Build.0 = Release|Any CPU
		{CDE86313-3367-4107-8254-4F3420238177}.Release|x86.ActiveCfg = Release|Any CPU
		{CDE86313-3367-4107-8254-4F3420238177}.Release|x86.Build.0 = Release|Any CPU
	EndGlobalSection
	GlobalSection(SolutionProperties) = preSolution
		HideSolutionNode = FALSE
	EndGlobalSection
	GlobalSection(NestedProjects) = preSolution
		{F5D529B4-CBB6-46E2-9D32-25CEF8365318} = {AA38E249-11BB-4145-A06C-F51D281497F5}
		{B7F65DA6-A435-46F8-8867-778A48FAB8CF} = {AA38E249-11BB-4145-A06C-F51D281497F5}
		{FE632CBC-EBBB-4509-B760-8CA031F87160} = {AA38E249-11BB-4145-A06C-F51D281497F5}
		{CE21343F-3C7F-4161-94A5-3A7CCDD9CF01} = {AA38E249-11BB-4145-A06C-F51D281497F5}
		{746524A7-E0EE-4240-A9A2-DD7BCCBCCF5B} = {AA38E249-11BB-4145-A06C-F51D281497F5}
	EndGlobalSection
	GlobalSection(ExtensibilityGlobals) = postSolution
		SolutionGuid = {2ED31759-47AF-4DAA-9151-4B98C6F4B1E0}
	EndGlobalSection
	GlobalSection(TestCaseManagementSettings) = postSolution
		CategoryFile = MangaRipper.vsmdi
	EndGlobalSection
EndGlobal
